
Microsoft Visual Studio Solution File, Format Version 12.00
# Visual Studio Version 16
VisualStudioVersion = 16.0.29503.13
MinimumVisualStudioVersion = 10.0.40219.1
Project("{FAE04EC0-301F-11D3-BF4B-00C04F79EFBC}") = "LinqToExamples_", "LinqToExamples_\LinqToExamples_.csproj", "{1C9CFD3A-E23A-4250-A1C3-DBBC4BBD04D4}"
EndProject
Global
	GlobalSection(SolutionConfigurationPlatforms) = preSolution
		Debug|Any CPU = Debug|Any CPU
		Release|Any CPU = Release|Any CPU
	EndGlobalSection
	GlobalSection(ProjectConfigurationPlatforms) = postSolution
		{1C9CFD3A-E23A-4250-A1C3-DBBC4BBD04D4}.Debug|Any CPU.ActiveCfg = Debug|Any CPU
		{1C9CFD3A-E23A-4250-A1C3-DBBC4BBD04D4}.Debug|Any CPU.Build.0 = Debug|Any CPU
		{1C9CFD3A-E23A-4250-A1C3-DBBC4BBD04D4}.Release|Any CPU.ActiveCfg = Release|Any CPU
		{1C9CFD3A-E23A-4250-A1C3-DBBC4BBD04D4}.Release|Any CPU.Build.0 = Release|Any CPU
	EndGlobalSection
	GlobalSection(SolutionProperties) = preSolution
		HideSolutionNode = FALSE
	EndGlobalSection
	GlobalSection(ExtensibilityGlobals) = postSolution
		SolutionGuid = {C416BF26-8DCF-4496-B509-87CB267611A9}
	EndGlobalSection
EndGlobal
